
Microsoft Visual Studio Solution File, Format Version 11.00
# Visual Studio 2010
Project("{FAE04EC0-301F-11D3-BF4B-00C04F79EFBC}") = "LogSearchTool.Web", "LogSearchTool.Web\LogSearchTool.Web.csproj", "{02A1EE88-C920-46C1-8267-292FA3C4461F}"
EndProject
Project("{FAE04EC0-301F-11D3-BF4B-00C04F79EFBC}") = "LogSearchTool.Utilities", "LogSearchTool.Utilities\LogSearchTool.Utilities.csproj", "{BEF73684-D34D-4532-93BC-52A1B129A78A}"
EndProject
Global
	GlobalSection(SolutionConfigurationPlatforms) = preSolution
		Debug|Any CPU = Debug|Any CPU
		Release|Any CPU = Release|Any CPU
	EndGlobalSection
	GlobalSection(ProjectConfigurationPlatforms) = postSolution
		{02A1EE88-C920-46C1-8267-292FA3C4461F}.Debug|Any CPU.ActiveCfg = Debug|Any CPU
		{02A1EE88-C920-46C1-8267-292FA3C4461F}.Debug|Any CPU.Build.0 = Debug|Any CPU
		{02A1EE88-C920-46C1-8267-292FA3C4461F}.Release|Any CPU.ActiveCfg = Release|Any CPU
		{02A1EE88-C920-46C1-8267-292FA3C4461F}.Release|Any CPU.Build.0 = Release|Any CPU
		{BEF73684-D34D-4532-93BC-52A1B129A78A}.Debug|Any CPU.ActiveCfg = Debug|Any CPU
		{BEF73684-D34D-4532-93BC-52A1B129A78A}.Debug|Any CPU.Build.0 = Debug|Any CPU
		{BEF73684-D34D-4532-93BC-52A1B129A78A}.Release|Any CPU.ActiveCfg = Release|Any CPU
		{BEF73684-D34D-4532-93BC-52A1B129A78A}.Release|Any CPU.Build.0 = Release|Any CPU
	EndGlobalSection
	GlobalSection(SolutionProperties) = preSolution
		HideSolutionNode = FALSE
	EndGlobalSection
EndGlobal
